<?xml version="1.0" encoding="UTF-8" standalone="yes" ?>
<CodeBlocks_project_file>
	<FileVersion major="1" minor="6" />
	<Project>
		<Option title="EulerSolver2" />
		<Option pch_mode="2" />
		<Option compiler="ifclin" />
		<Build>
			<Target title="Debug">
				<Option output="bin/Debug/EulerSolver2" prefix_auto="1" extension_auto="1" />
				<Option object_output="obj/Debug/" />
				<Option type="1" />
				<Option compiler="ifclin" />
				<Compiler>
					<Add option="-check uninit" />
					<Add option="-check pointers" />
					<Add option="-check bounds" />
					<Add option="-openmp" />
					<Add option="-stand f90" />
					<Add option="-fp-stack-check" />
					<Add option="-O0" />
					<Add option="-traceback" />
					<Add option="-warn all" />
					<Add option="-ftrapuv" />
					<Add option="-debug full" />
				</Compiler>
			</Target>
			<Target title="Release">
				<Option output="bin/Release/EulerSolver2" prefix_auto="1" extension_auto="1" />
				<Option object_output="obj/Release/" />
				<Option type="1" />
				<Option compiler="ifclin" />
				<Compiler>
					<Add option="-openmp" />
					<Add option="-O2" />
				</Compiler>
			</Target>
		</Build>
		<Unit filename="source/ConstantVar_Mod.f90">
			<Option weight="0" />
		</Unit>
		<Unit filename="source/FrequentOperation.f90">
			<Option weight="1" />
		</Unit>
		<Unit filename="source/LoopVar_Mod.f90">
			<Option weight="0" />
		</Unit>
		<Unit filename="source/MultipleOverSetMethod/Calculation/OStructEuler.f90">
			<Option weight="1" />
		</Unit>
		<Unit filename="source/MultipleOverSetMethod/Calculation/OUnstEuler.f90">
			<Option weight="1" />
		</Unit>
		<Unit filename="source/MultipleOverSetMethod/FreeMemory/FreeMemory.f90">
			<Option weight="1" />
		</Unit>
		<Unit filename="source/MultipleOverSetMethod/FreeMemory/MemoryReleaseOfDE.f90">
			<Option weight="1" />
		</Unit>
		<Unit filename="source/MultipleOverSetMethod/MainProcess/ContactDetermination/ApploximateCircleMethod.f90">
			<Option weight="1" />
		</Unit>
		<Unit filename="source/MultipleOverSetMethod/MainProcess/ContactDetermination/BoundaryBoxMethod.f90">
			<Option weight="1" />
		</Unit>
		<Unit filename="source/MultipleOverSetMethod/MainProcess/ContactDetermination/ContactDetermination.f90">
			<Option weight="1" />
		</Unit>
		<Unit filename="source/MultipleOverSetMethod/MainProcess/ContactDetermination/GJKAlgorithm.f90">
			<Option weight="1" />
		</Unit>
		<Unit filename="source/MultipleOverSetMethod/MainProcess/CutCellAndMergeCell/GetGlobalNumber2D.f90">
			<Option weight="2" />
		</Unit>
		<Unit filename="source/MultipleOverSetMethod/MainProcess/InfluenceSeparation/AllocCC4MB.f90">
			<Option weight="1" />
		</Unit>
		<Unit filename="source/MultipleOverSetMethod/MainProcess/InfluenceSeparation/ComputeInfluenceArea.f90">
			<Option weight="1" />
		</Unit>
		<Unit filename="source/MultipleOverSetMethod/MainProcess/InfluenceSeparation/InfluenceSeparationMain.f90">
			<Option weight="1" />
		</Unit>
		<Unit filename="source/MultipleOverSetMethod/MainProcess/InfluenceSeparation/InitializeInfluenceSeparation.f90">
			<Option weight="1" />
		</Unit>
		<Unit filename="source/MultipleOverSetMethod/MainProcess/InfluenceSeparation/ModifyQuantity.f90">
			<Option weight="1" />
		</Unit>
		<Unit filename="source/MultipleOverSetMethod/MainProcess/InfluenceSeparation/VelocityCorrection.f90">
			<Option weight="1" />
		</Unit>
		<Unit filename="source/MultipleOverSetMethod/MainProcess/Interpolation/ControlLocalInterpolation.f90">
			<Option weight="1" />
		</Unit>
		<Unit filename="source/MultipleOverSetMethod/MainProcess/Interpolation/InterpolationOfGlobalGrid.f90">
			<Option weight="2" />
		</Unit>
		<Unit filename="source/MultipleOverSetMethod/MainProcess/Interpolation/InterpolationOfLocalGrid.f90">
			<Option weight="2" />
		</Unit>
		<Unit filename="source/MultipleOverSetMethod/MainProcess/Interpolation/OTransferInflowMomentum.f90">
			<Option weight="1" />
		</Unit>
		<Unit filename="source/MultipleOverSetMethod/MainProcess/Interpolation/OTransferOutflowMomentum.f90">
			<Option weight="1" />
		</Unit>
		<Unit filename="source/MultipleOverSetMethod/MainProcess/Interpolation/ShockConvergeLocalInterpolateMain.f90">
			<Option weight="2" />
		</Unit>
		<Unit filename="source/MultipleOverSetMethod/MainProcess/MoveGrid/OCalculateMotionWait.f90">
			<Option weight="1" />
		</Unit>
		<Unit filename="source/MultipleOverSetMethod/MainProcess/MoveGrid/OComputeNextCoords.f90">
			<Option weight="1" />
		</Unit>
		<Unit filename="source/MultipleOverSetMethod/MainProcess/MoveGrid/OGetDisplacement.f90">
			<Option weight="1" />
		</Unit>
		<Unit filename="source/MultipleOverSetMethod/MainProcess/MoveGrid/OMakeTransformationMatrix.f90">
			<Option weight="1" />
		</Unit>
		<Unit filename="source/MultipleOverSetMethod/MainProcess/MoveGrid/OMoveCheck.f90">
			<Option weight="1" />
		</Unit>
		<Unit filename="source/MultipleOverSetMethod/MainProcess/MoveGrid/OMoveCheckOfInfluence.f90">
			<Option weight="1" />
		</Unit>
		<Unit filename="source/MultipleOverSetMethod/MainProcess/MoveGrid/ORefreshStoreDisplacement.f90">
			<Option weight="1" />
		</Unit>
		<Unit filename="source/MultipleOverSetMethod/MainProcess/MoveGrid/OStoreDisplacement.f90">
			<Option weight="1" />
		</Unit>
		<Unit filename="source/MultipleOverSetMethod/MainProcess/Registration/Global/ExcludeImperfectOverlapped.f90">
			<Option weight="2" />
		</Unit>
		<Unit filename="source/MultipleOverSetMethod/MainProcess/Registration/Global/ReRegistBoundaryCell.f90">
			<Option weight="2" />
		</Unit>
		<Unit filename="source/MultipleOverSetMethod/MainProcess/Registration/Global/RegisterIntoGlobal.f90">
			<Option weight="3" />
		</Unit>
		<Unit filename="source/MultipleOverSetMethod/MainProcess/Registration/Local/Local2Local/AddSharedDonorCellNumber.f90">
			<Option weight="3" />
		</Unit>
		<Unit filename="source/MultipleOverSetMethod/MainProcess/Registration/Local/Local2Local/CellTransformationIntoDonor.f90">
			<Option weight="1" />
		</Unit>
		<Unit filename="source/MultipleOverSetMethod/MainProcess/Registration/Local/Local2Local/InputCUV.f90">
			<Option weight="1" />
		</Unit>
		<Unit filename="source/MultipleOverSetMethod/MainProcess/Registration/Local/Local2Local/MatchingWithDonorInAuxiliaryGrid.f90">
			<Option weight="3" />
		</Unit>
		<Unit filename="source/MultipleOverSetMethod/MainProcess/Registration/Local/Local2Local/RoughSearchDonorInLocalGrid.f90">
			<Option weight="3" />
		</Unit>
		<Unit filename="source/MultipleOverSetMethod/MainProcess/Registration/Local/Local2Local/SortVertexByAngle.f90">
			<Option weight="2" />
		</Unit>
		<Unit filename="source/MultipleOverSetMethod/MainProcess/Registration/Local/RegistVar_Mod4OMP.f90">
			<Option weight="2" />
		</Unit>
		<Unit filename="source/MultipleOverSetMethod/MainProcess/Registration/Local/ResisterGlobal2Local.f90">
			<Option weight="3" />
		</Unit>
		<Unit filename="source/MultipleOverSetMethod/MainProcess/Registration/Local/SimpleSearchDonorInLocalGrid.f90">
			<Option weight="3" />
		</Unit>
		<Unit filename="source/MultipleOverSetMethod/MainProcess/Registration/Register4InterpolationMain.f90">
			<Option weight="3" />
		</Unit>
		<Unit filename="source/MultipleOverSetMethod/Output/MOutput.f90">
			<Option weight="1" />
		</Unit>
		<Unit filename="source/MultipleOverSetMethod/Output/MOutputForInfluenceArea.f90">
			<Option weight="1" />
		</Unit>
		<Unit filename="source/MultipleOverSetMethod/Output/MOutputForObject.f90">
			<Option weight="1" />
		</Unit>
		<Unit filename="source/MultipleOverSetMethod/Output/MOutputSTRUCT.f90">
			<Option weight="1" />
		</Unit>
		<Unit filename="source/MultipleOverSetMethod/PreProcess/AllocVariables4MultipleOverset.f90">
			<Option weight="1" />
		</Unit>
		<Unit filename="source/MultipleOverSetMethod/PreProcess/DataFabrication4FirstStep.f90">
			<Option weight="1" />
		</Unit>
		<Unit filename="source/MultipleOverSetMethod/PreProcess/MInitialize.f90">
			<Option weight="1" />
		</Unit>
		<Unit filename="source/MultipleOverSetMethod/PreProcess/MShockTubeIC.f90">
			<Option weight="1" />
		</Unit>
		<Unit filename="source/MultipleOverSetMethod/PreProcess/OMakeAuxiliaryStructuredGrid.f90">
			<Option weight="2" />
		</Unit>
		<Unit filename="source/MultipleOverSetMethod/PreProcess/OMakeRelativeCoordinate.f90">
			<Option weight="1" />
		</Unit>
		<Unit filename="source/NumericalExperimentation/CalcResidual.f90">
			<Option weight="1" />
		</Unit>
		<Unit filename="source/NumericalExperimentation/ExactSol_mod.f90">
			<Option weight="0" />
		</Unit>
		<Unit filename="source/NumericalExperimentation/NumericalEx_mod.f90">
			<Option weight="1" />
		</Unit>
		<Unit filename="source/NumericalExperimentation/NumericalExperimentation.f90">
			<Option weight="1" />
		</Unit>
		<Unit filename="source/NumericalExperimentation/OutputExact.f90">
			<Option weight="1" />
		</Unit>
		<Unit filename="source/NumericalExperimentation/PreNumericalEx.f90">
			<Option weight="1" />
		</Unit>
		<Unit filename="source/NumericalExperimentation/TComputeReidualNorm.f90">
			<Option weight="1" />
		</Unit>
		<Unit filename="source/NumericalExperimentation/UCalcResidual.f90">
			<Option weight="1" />
		</Unit>
		<Unit filename="source/NumericalExperimentation/UOutputExact.f90">
			<Option weight="1" />
		</Unit>
		<Unit filename="source/Routine4JobParallel/JPCalcCaseAutoFill.f90">
			<Option weight="1" />
		</Unit>
		<Unit filename="source/Routine4JobParallel/JPUnstFlux/JPUUpwindFlux_Dim2.f90">
			<Option weight="1" />
		</Unit>
		<Unit filename="source/Routine4JobParallel/JPUnstFlux/MUSCL/JPUGetLimiter.f90">
			<Option weight="2" />
		</Unit>
		<Unit filename="source/Routine4JobParallel/JPUnstFlux/MUSCL/JPUGetQuantityOnSurface.f90">
			<Option weight="1" />
		</Unit>
		<Unit filename="source/Routine4JobParallel/JPUnstFlux/MUSCL/JPUMUSCL.f90">
			<Option weight="1" />
		</Unit>
		<Unit filename="source/Routine4JobParallel/JPUnstFlux/MUSCL/Venkatakrishnan/JPUFindVariation.f90">
			<Option weight="2" />
		</Unit>
		<Unit filename="source/Routine4JobParallel/JPUnstFlux/MUSCL/Venkatakrishnan/JPUGetNormalGradient.f90">
			<Option weight="2" />
		</Unit>
		<Unit filename="source/Routine4JobParallel/JPUnstFlux/MUSCL/Venkatakrishnan/JPUVenkatakrishnan.f90">
			<Option weight="2" />
		</Unit>
		<Unit filename="source/Routine4JobParallel/JPUnstTimeIntegral/JPUCalcTimeWidth.f90">
			<Option weight="1" />
		</Unit>
		<Unit filename="source/Routine4JobParallel/JPUnstTimeIntegral/JPUCheckCFL4FixedTime.f90">
			<Option weight="1" />
		</Unit>
		<Unit filename="source/Routine4JobParallel/JobParallelControler.f90">
			<Option weight="1" />
		</Unit>
		<Unit filename="source/StructVar_Mod.f90">
			<Option weight="0" />
		</Unit>
		<Unit filename="source/StructuredGrid/Boundary/SetBoundary.f90">
			<Option weight="1" />
		</Unit>
		<Unit filename="source/StructuredGrid/Boundary/TestBoundary.f90">
			<Option weight="1" />
			<Option target="Debug" />
		</Unit>
		<Unit filename="source/StructuredGrid/Config/ReadConfigulation.f90">
			<Option weight="1" />
		</Unit>
		<Unit filename="source/StructuredGrid/Conserve2Primitive.f90">
			<Option weight="1" />
		</Unit>
		<Unit filename="source/StructuredGrid/Error/ErrorMessage.f90">
			<Option weight="0" />
			<Option target="Debug" />
		</Unit>
		<Unit filename="source/StructuredGrid/Flux/CalcFlux.f90">
			<Option weight="1" />
		</Unit>
		<Unit filename="source/StructuredGrid/Flux/GetEigenMatrix.f90">
			<Option weight="1" />
		</Unit>
		<Unit filename="source/StructuredGrid/Flux/GetGeneralFlux.f90">
			<Option weight="1" />
		</Unit>
		<Unit filename="source/StructuredGrid/Flux/GetRoeAverage.f90">
			<Option weight="1" />
		</Unit>
		<Unit filename="source/StructuredGrid/Flux/MUSCL/GetGradient.f90">
			<Option weight="1" />
		</Unit>
		<Unit filename="source/StructuredGrid/Flux/MUSCL/GetLimiter.f90">
			<Option weight="1" />
		</Unit>
		<Unit filename="source/StructuredGrid/Flux/MUSCL/GetQuantityOnSurface.f90">
			<Option weight="1" />
		</Unit>
		<Unit filename="source/StructuredGrid/Flux/MUSCL/MUSCL.f90">
			<Option weight="1" />
		</Unit>
		<Unit filename="source/StructuredGrid/Flux/MUSCL/Venkatakrishnan/FindVariation.f90">
			<Option weight="1" />
		</Unit>
		<Unit filename="source/StructuredGrid/Flux/MUSCL/Venkatakrishnan/GetNormalGradient.f90">
			<Option weight="1" />
		</Unit>
		<Unit filename="source/StructuredGrid/Flux/MUSCL/Venkatakrishnan/Venkatakrishnan.f90">
			<Option weight="2" />
		</Unit>
		<Unit filename="source/StructuredGrid/Flux/UpwindFlux_Dim1.f90">
			<Option weight="1" />
		</Unit>
		<Unit filename="source/StructuredGrid/Flux/UpwindFlux_Dim2.f90">
			<Option weight="1" />
		</Unit>
		<Unit filename="source/StructuredGrid/Initialize/AllocTest.f90">
			<Option weight="1" />
			<Option target="Debug" />
		</Unit>
		<Unit filename="source/StructuredGrid/Initialize/AllocVariables.f90">
			<Option weight="1" />
		</Unit>
		<Unit filename="source/StructuredGrid/Initialize/Initialize.f90">
			<Option weight="1" />
		</Unit>
		<Unit filename="source/StructuredGrid/Initialize/ReadInitialCondition.f90">
			<Option weight="1" />
		</Unit>
		<Unit filename="source/StructuredGrid/Initialize/ShockTubeIC.f90">
			<Option weight="1" />
		</Unit>
		<Unit filename="source/StructuredGrid/Output/MergeGnuPlot.f90">
			<Option weight="1" />
		</Unit>
		<Unit filename="source/StructuredGrid/Output/Output4Resume.f90">
			<Option weight="1" />
		</Unit>
		<Unit filename="source/StructuredGrid/Output/OutputGnuPlot.f90">
			<Option weight="1" />
		</Unit>
		<Unit filename="source/StructuredGrid/Output/OutputResult.f90">
			<Option weight="1" />
		</Unit>
		<Unit filename="source/StructuredGrid/Output/OutputResultWithVC.f90">
			<Option weight="1" />
			<Option target="Debug" />
		</Unit>
		<Unit filename="source/StructuredGrid/Primitive2Conserve.f90">
			<Option weight="1" />
		</Unit>
		<Unit filename="source/StructuredGrid/Region/CalcEdgeArea.f90">
			<Option weight="1" />
		</Unit>
		<Unit filename="source/StructuredGrid/Region/CalcVolume.f90">
			<Option weight="1" />
		</Unit>
		<Unit filename="source/StructuredGrid/Region/CalcWidth.f90">
			<Option weight="1" />
		</Unit>
		<Unit filename="source/StructuredGrid/Region/ReadRegionData.f90">
			<Option weight="1" />
		</Unit>
		<Unit filename="source/StructuredGrid/Region/SetRegion.f90">
			<Option weight="1" />
		</Unit>
		<Unit filename="source/StructuredGrid/Region/SetRegionData.f90">
			<Option weight="1" />
		</Unit>
		<Unit filename="source/StructuredGrid/Region/TestRegionData.f90">
			<Option weight="1" />
			<Option target="Debug" />
		</Unit>
		<Unit filename="source/StructuredGrid/TimeIntegral/CalcTimeWidth.f90">
			<Option weight="1" />
		</Unit>
		<Unit filename="source/StructuredGrid/TimeIntegral/CheckCFL4FixedTime.f90">
			<Option weight="1" />
		</Unit>
		<Unit filename="source/StructuredGrid/TimeIntegral/ExplicitEulerMethod.f90">
			<Option weight="1" />
		</Unit>
		<Unit filename="source/StructuredGrid/TimeIntegral/RationalRungeKutta2.f90">
			<Option weight="1" />
		</Unit>
		<Unit filename="source/StructuredGrid/TimeIntegral/TimeIntegral.f90">
			<Option weight="1" />
		</Unit>
		<Unit filename="source/UnstructuredGrid/JobParallelNS.f90">
			<Option weight="1" />
		</Unit>
		<Unit filename="source/UnstructuredGrid/UConserve2Primitive.f90">
			<Option weight="1" />
		</Unit>
		<Unit filename="source/UnstructuredGrid/UPrimitive2Conserve.f90">
			<Option weight="1" />
		</Unit>
		<Unit filename="source/UnstructuredGrid/UnstBoundary/UReadInflowOutflowCondition.f90">
			<Option weight="2" />
		</Unit>
		<Unit filename="source/UnstructuredGrid/UnstBoundary/USetBoundary.f90">
			<Option weight="1" />
		</Unit>
		<Unit filename="source/UnstructuredGrid/UnstFlux/Invicid/USlau2.f90">
			<Option weight="1" />
		</Unit>
		<Unit filename="source/UnstructuredGrid/UnstFlux/MUSCL/UGetGradient.f90">
			<Option weight="1" />
		</Unit>
		<Unit filename="source/UnstructuredGrid/UnstFlux/MUSCL/UGetLimiter.f90">
			<Option weight="2" />
		</Unit>
		<Unit filename="source/UnstructuredGrid/UnstFlux/MUSCL/UGetQuantityOnSurface.f90">
			<Option weight="1" />
		</Unit>
		<Unit filename="source/UnstructuredGrid/UnstFlux/MUSCL/UMUSCL.f90">
			<Option weight="1" />
		</Unit>
		<Unit filename="source/UnstructuredGrid/UnstFlux/MUSCL/Venkatakrishnan/UFindVariation.f90">
			<Option weight="2" />
		</Unit>
		<Unit filename="source/UnstructuredGrid/UnstFlux/MUSCL/Venkatakrishnan/UGetNormalGradient.f90">
			<Option weight="2" />
		</Unit>
		<Unit filename="source/UnstructuredGrid/UnstFlux/MUSCL/Venkatakrishnan/UVenkatakrishnan.f90">
			<Option weight="2" />
		</Unit>
		<Unit filename="source/UnstructuredGrid/UnstFlux/MUSCL/Venkatakrishnan/UVenkatakrishnanVarMod4OMP.f90">
			<Option weight="1" />
		</Unit>
		<Unit filename="source/UnstructuredGrid/UnstFlux/UCalcFlux.f90">
			<Option weight="1" />
		</Unit>
		<Unit filename="source/UnstructuredGrid/UnstFlux/UGetEigenMatrix.f90">
			<Option weight="1" />
		</Unit>
		<Unit filename="source/UnstructuredGrid/UnstFlux/UGetGeneralFlux.f90">
			<Option weight="1" />
		</Unit>
		<Unit filename="source/UnstructuredGrid/UnstFlux/UGetRoeAverage.f90">
			<Option weight="1" />
		</Unit>
		<Unit filename="source/UnstructuredGrid/UnstFlux/UUpwindFlux_Dim2.f90">
			<Option weight="1" />
		</Unit>
		<Unit filename="source/UnstructuredGrid/UnstFlux/Viscos/BaldwinLomax/UBaldwinLomax_main.f90">
			<Option weight="2" />
		</Unit>
		<Unit filename="source/UnstructuredGrid/UnstFlux/Viscos/BaldwinLomax/UGetWallVariable.f90">
			<Option weight="2" />
		</Unit>
		<Unit filename="source/UnstructuredGrid/UnstFlux/Viscos/UGetLaminarViscosity_mk2.f90">
			<Option weight="2" />
		</Unit>
		<Unit filename="source/UnstructuredGrid/UnstFlux/Viscos/UGetStrainRateTensor.f90">
			<Option weight="2" />
		</Unit>
		<Unit filename="source/UnstructuredGrid/UnstFlux/Viscos/UGetStrainRateTensor_edge.f90">
			<Option weight="2" />
		</Unit>
		<Unit filename="source/UnstructuredGrid/UnstFlux/Viscos/URansCommon.f90">
			<Option weight="2" />
		</Unit>
		<Unit filename="source/UnstructuredGrid/UnstInitialize/UReadInitialCondition.f90">
			<Option weight="1" />
		</Unit>
		<Unit filename="source/UnstructuredGrid/UnstInitialize/UShockTubeIC.f90">
			<Option weight="1" />
		</Unit>
		<Unit filename="source/UnstructuredGrid/UnstInitialize/UnstInitialize.f90">
			<Option weight="1" />
		</Unit>
		<Unit filename="source/UnstructuredGrid/UnstOutput/UOutput.f90">
			<Option weight="1" />
		</Unit>
		<Unit filename="source/UnstructuredGrid/UnstOutput/UOutput_Characteristics.f90">
			<Option weight="1" />
		</Unit>
		<Unit filename="source/UnstructuredGrid/UnstRegion/UAllocVariables.f90">
			<Option weight="1" />
		</Unit>
		<Unit filename="source/UnstructuredGrid/UnstRegion/UReadUnStrGrid.f90">
			<Option weight="1" />
		</Unit>
		<Unit filename="source/UnstructuredGrid/UnstRegion/URegistCellType.f90">
			<Option weight="1" />
		</Unit>
		<Unit filename="source/UnstructuredGrid/UnstRegion/UTestAlloc.f90">
			<Option weight="1" />
		</Unit>
		<Unit filename="source/UnstructuredGrid/UnstRegion/UnstTestVTK.f90">
			<Option weight="1" />
		</Unit>
		<Unit filename="source/UnstructuredGrid/UnstTimeIntegral/UCalcTimeWidth.f90">
			<Option weight="1" />
		</Unit>
		<Unit filename="source/UnstructuredGrid/UnstTimeIntegral/UCheckCFL4FixedTime.f90">
			<Option weight="1" />
		</Unit>
		<Unit filename="source/UnstructuredGrid/UnstTimeIntegral/UExplicitEulerMethod.f90">
			<Option weight="1" />
		</Unit>
		<Unit filename="source/UnstructuredGrid/UnstTimeIntegral/UTimeIntegral.f90">
			<Option weight="1" />
		</Unit>
		<Unit filename="source/UnstructuredGrid/UnstTools/UCalcAeroCharacteristics.f90">
			<Option weight="1" />
		</Unit>
		<Unit filename="source/UnstructuredGrid/UnstTools/UCentralDifferencePrepareAroundEdge.f90">
			<Option weight="2" />
		</Unit>
		<Unit filename="source/main.f90">
			<Option weight="2" />
		</Unit>
		<Extensions>
			<envvars />
			<code_completion />
			<debugger />
			<lib_finder disable_auto="1" />
		</Extensions>
	</Project>
</CodeBlocks_project_file>
